
Microsoft Visual Studio Solution File, Format Version 12.00
# Visual Studio Version 17
VisualStudioVersion = 17.7.34031.279
MinimumVisualStudioVersion = 10.0.40219.1
Project("{FAE04EC0-301F-11D3-BF4B-00C04F79EFBC}") = "Libreria", "Libreria\Libreria.csproj", "{77A8B713-C5FB-495D-BF67-1B5DB1F3A45E}"
EndProject
Global
	GlobalSection(SolutionConfigurationPlatforms) = preSolution
		Debug|Any CPU = Debug|Any CPU
		Release|Any CPU = Release|Any CPU
	EndGlobalSection
	GlobalSection(ProjectConfigurationPlatforms) = postSolution
		{77A8B713-C5FB-495D-BF67-1B5DB1F3A45E}.Debug|Any CPU.ActiveCfg = Debug|Any CPU
		{77A8B713-C5FB-495D-BF67-1B5DB1F3A45E}.Debug|Any CPU.Build.0 = Debug|Any CPU
		{77A8B713-C5FB-495D-BF67-1B5DB1F3A45E}.Release|Any CPU.ActiveCfg = Release|Any CPU
		{77A8B713-C5FB-495D-BF67-1B5DB1F3A45E}.Release|Any CPU.Build.0 = Release|Any CPU
	EndGlobalSection
	GlobalSection(SolutionProperties) = preSolution
		HideSolutionNode = FALSE
	EndGlobalSection
	GlobalSection(ExtensibilityGlobals) = postSolution
		SolutionGuid = {B73A7261-4ACA-4A6F-BAF6-5DCFAC105BAE}
	EndGlobalSection
EndGlobal
